// !$*UTF8*$!
{
	archiveVersion = 1;
	classes = {
	};
	objectVersion = 48;
	objects = {

/* Begin PBXBuildFile section */
		9F474403206D92D300AECB7F /* main.m in Sources */ = {isa = PBXBuildFile; fileRef = 9F474402206D92D300AECB7F /* main.m */; };
		9F47440B206D9CB500AECB7F /* cpp-code.cpp in Sources */ = {isa = PBXBuildFile; fileRef = 9F474409206D9CB500AECB7F /* cpp-code.cpp */; };
		CFB43C47F9B758A2A9DBF692 /* libPods-plog-lumberjack.a in Frameworks */ = {isa = PBXBuildFile; fileRef = BBF676B58D6E5D89260A242E /* libPods-plog-lumberjack.a */; };
/* End PBXBuildFile section */

/* Begin PBXCopyFilesBuildPhase section */
		9F4743FD206D92D300AECB7F /* CopyFiles */ = {
			isa = PBXCopyFilesBuildPhase;
			buildActionMask = 2147483647;
			dstPath = /usr/share/man/man1/;
			dstSubfolderSpec = 0;
			files = (
			);
			runOnlyForDeploymentPostprocessing = 1;
		};
/* End PBXCopyFilesBuildPhase section */

/* Begin PBXFileReference section */
		2DEEB095022960569028DB6E /* Pods-plog-lumberjack.release.xcconfig */ = {isa = PBXFileReference; includeInIndex = 1; lastKnownFileType = text.xcconfig; name = "Pods-plog-lumberjack.release.xcconfig"; path = "Pods/Target Support Files/Pods-plog-lumberjack/Pods-plog-lumberjack.release.xcconfig"; sourceTree = "<group>"; };
		9F4743FF206D92D300AECB7F /* plog-lumberjack */ = {isa = PBXFileReference; explicitFileType = "compiled.mach-o.executable"; includeInIndex = 0; path = "plog-lumberjack"; sourceTree = BUILT_PRODUCTS_DIR; };
		9F474402206D92D300AECB7F /* main.m */ = {isa = PBXFileReference; lastKnownFileType = sourcecode.c.objc; path = main.m; sourceTree = "<group>"; };
		9F474409206D9CB500AECB7F /* cpp-code.cpp */ = {isa = PBXFileReference; lastKnownFileType = sourcecode.cpp.cpp; path = "cpp-code.cpp"; sourceTree = "<group>"; };
		9F47440A206D9CB500AECB7F /* cpp-code.hpp */ = {isa = PBXFileReference; lastKnownFileType = sourcecode.cpp.h; path = "cpp-code.hpp"; sourceTree = "<group>"; };
		A5E0CF5A3FC11F1B71D6688D /* Pods-plog-lumberjack.debug.xcconfig */ = {isa = PBXFileReference; includeInIndex = 1; lastKnownFileType = text.xcconfig; name = "Pods-plog-lumberjack.debug.xcconfig"; path = "Pods/Target Support Files/Pods-plog-lumberjack/Pods-plog-lumberjack.debug.xcconfig"; sourceTree = "<group>"; };
		BBF676B58D6E5D89260A242E /* libPods-plog-lumberjack.a */ = {isa = PBXFileReference; explicitFileType = archive.ar; includeInIndex = 0; path = "libPods-plog-lumberjack.a"; sourceTree = BUILT_PRODUCTS_DIR; };
/* End PBXFileReference section */

/* Begin PBXFrameworksBuildPhase section */
		9F4743FC206D92D300AECB7F /* Frameworks */ = {
			isa = PBXFrameworksBuildPhase;
			buildActionMask = 2147483647;
			files = (
				CFB43C47F9B758A2A9DBF692 /* libPods-plog-lumberjack.a in Frameworks */,
			);
			runOnlyForDeploymentPostprocessing = 0;
		};
/* End PBXFrameworksBuildPhase section */

/* Begin PBXGroup section */
		0608CA3000133EA5FE6AC822 /* Frameworks */ = {
			isa = PBXGroup;
			children = (
				BBF676B58D6E5D89260A242E /* libPods-plog-lumberjack.a */,
			);
			name = Frameworks;
			sourceTree = "<group>";
		};
		91228C076C8B2EBF3CCEB3A3 /* Pods */ = {
			isa = PBXGroup;
			children = (
				A5E0CF5A3FC11F1B71D6688D /* Pods-plog-lumberjack.debug.xcconfig */,
				2DEEB095022960569028DB6E /* Pods-plog-lumberjack.release.xcconfig */,
			);
			name = Pods;
			sourceTree = "<group>";
		};
		9F4743F6206D92D300AECB7F = {
			isa = PBXGroup;
			children = (
				9F474401206D92D300AECB7F /* plog-lumberjack */,
				9F474400206D92D300AECB7F /* Products */,
				91228C076C8B2EBF3CCEB3A3 /* Pods */,
				0608CA3000133EA5FE6AC822 /* Frameworks */,
			);
			sourceTree = "<group>";
		};
		9F474400206D92D300AECB7F /* Products */ = {
			isa = PBXGroup;
			children = (
				9F4743FF206D92D300AECB7F /* plog-lumberjack */,
			);
			name = Products;
			sourceTree = "<group>";
		};
		9F474401206D92D300AECB7F /* plog-lumberjack */ = {
			isa = PBXGroup;
			children = (
				9F474402206D92D300AECB7F /* main.m */,
				9F474409206D9CB500AECB7F /* cpp-code.cpp */,
				9F47440A206D9CB500AECB7F /* cpp-code.hpp */,
			);
			path = "plog-lumberjack";
			sourceTree = "<group>";
		};
/* End PBXGroup section */

/* Begin PBXNativeTarget section */
		9F4743FE206D92D300AECB7F /* plog-lumberjack */ = {
			isa = PBXNativeTarget;
			buildConfigurationList = 9F474406206D92D300AECB7F /* Build configuration list for PBXNativeTarget "plog-lumberjack" */;
			buildPhases = (
				6BEBFB2F49E055937A0F451E /* [CP] Check Pods Manifest.lock */,
				9F4743FB206D92D300AECB7F /* Sources */,
				9F4743FC206D92D300AECB7F /* Frameworks */,
				9F4743FD206D92D300AECB7F /* CopyFiles */,
				79BE117E1409F7FE7B6294CD /* [CP] Copy Pods Resources */,
			);
			buildRules = (
			);
			dependencies = (
			);
			name = "plog-lumberjack";
			productName = "plog-lumberjack";
			productReference = 9F4743FF206D92D300AECB7F /* plog-lumberjack */;
			productType = "com.apple.product-type.tool";
		};
/* End PBXNativeTarget section */

/* Begin PBXProject section */
		9F4743F7206D92D300AECB7F /* Project object */ = {
			isa = PBXProject;
			attributes = {
				LastUpgradeCheck = 0920;
				ORGANIZATIONNAME = ilammy;
				TargetAttributes = {
					9F4743FE206D92D300AECB7F = {
						CreatedOnToolsVersion = 9.2;
						ProvisioningStyle = Automatic;
					};
				};
			};
			buildConfigurationList = 9F4743FA206D92D300AECB7F /* Build configuration list for PBXProject "plog-lumberjack" */;
			compatibilityVersion = "Xcode 8.0";
			developmentRegion = en;
			hasScannedForEncodings = 0;
			knownRegions = (
				en,
			);
			mainGroup = 9F4743F6206D92D300AECB7F;
			productRefGroup = 9F474400206D92D300AECB7F /* Products */;
			projectDirPath = "";
			projectRoot = "";
			targets = (
				9F4743FE206D92D300AECB7F /* plog-lumberjack */,
			);
		};
/* End PBXProject section */

/* Begin PBXShellScriptBuildPhase section */
		6BEBFB2F49E055937A0F451E /* [CP] Check Pods Manifest.lock */ = {
			isa = PBXShellScriptBuildPhase;
			buildActionMask = 2147483647;
			files = (
			);
			inputPaths = (
				"${PODS_PODFILE_DIR_PATH}/Podfile.lock",
				"${PODS_ROOT}/Manifest.lock",
			);
			name = "[CP] Check Pods Manifest.lock";
			outputPaths = (
				"$(DERIVED_FILE_DIR)/Pods-plog-lumberjack-checkManifestLockResult.txt",
			);
			runOnlyForDeploymentPostprocessing = 0;
			shellPath = /bin/sh;
			shellScript = "diff \"${PODS_PODFILE_DIR_PATH}/Podfile.lock\" \"${PODS_ROOT}/Manifest.lock\" > /dev/null\nif [ $? != 0 ] ; then\n    # print error to STDERR\n    echo \"error: The sandbox is not in sync with the Podfile.lock. Run 'pod install' or update your CocoaPods installation.\" >&2\n    exit 1\nfi\n# This output is used by Xcode 'outputs' to avoid re-running this script phase.\necho \"SUCCESS\" > \"${SCRIPT_OUTPUT_FILE_0}\"\n";
			showEnvVarsInLog = 0;
		};
		79BE117E1409F7FE7B6294CD /* [CP] Copy Pods Resources */ = {
			isa = PBXShellScriptBuildPhase;
			buildActionMask = 2147483647;
			files = (
			);
			inputPaths = (
			);
			name = "[CP] Copy Pods Resources";
			outputPaths = (
			);
			runOnlyForDeploymentPostprocessing = 0;
			shellPath = /bin/sh;
			shellScript = "\"${SRCROOT}/Pods/Target Support Files/Pods-plog-lumberjack/Pods-plog-lumberjack-resources.sh\"\n";
			showEnvVarsInLog = 0;
		};
/* End PBXShellScriptBuildPhase section */

/* Begin PBXSourcesBuildPhase section */
		9F4743FB206D92D300AECB7F /* Sources */ = {
			isa = PBXSourcesBuildPhase;
			buildActionMask = 2147483647;
			files = (
				9F47440B206D9CB500AECB7F /* cpp-code.cpp in Sources */,
				9F474403206D92D300AECB7F /* main.m in Sources */,
			);
			runOnlyForDeploymentPostprocessing = 0;
		};
/* End PBXSourcesBuildPhase section */

/* Begin XCBuildConfiguration section */
		9F474404206D92D300AECB7F /* Debug */ = {
			isa = XCBuildConfiguration;
			buildSettings = {
				ALWAYS_SEARCH_USER_PATHS = NO;
				CLANG_ANALYZER_NONNULL = YES;
				CLANG_ANALYZER_NUMBER_OBJECT_CONVERSION = YES_AGGRESSIVE;
				CLANG_CXX_LANGUAGE_STANDARD = "gnu++14";
				CLANG_CXX_LIBRARY = "libc++";
				CLANG_ENABLE_MODULES = YES;
				CLANG_ENABLE_OBJC_ARC = YES;
				CLANG_WARN_BLOCK_CAPTURE_AUTORELEASING = YES;
				CLANG_WARN_BOOL_CONVERSION = YES;
				CLANG_WARN_COMMA = YES;
				CLANG_WARN_CONSTANT_CONVERSION = YES;
				CLANG_WARN_DIRECT_OBJC_ISA_USAGE = YES_ERROR;
				CLANG_WARN_DOCUMENTATION_COMMENTS = YES;
				CLANG_WARN_EMPTY_BODY = YES;
				CLANG_WARN_ENUM_CONVERSION = YES;
				CLANG_WARN_INFINITE_RECURSION = YES;
				CLANG_WARN_INT_CONVERSION = YES;
				CLANG_WARN_NON_LITERAL_NULL_CONVERSION = YES;
				CLANG_WARN_OBJC_LITERAL_CONVERSION = YES;
				CLANG_WARN_OBJC_ROOT_CLASS = YES_ERROR;
				CLANG_WARN_RANGE_LOOP_ANALYSIS = YES;
				CLANG_WARN_STRICT_PROTOTYPES = YES;
				CLANG_WARN_SUSPICIOUS_MOVE = YES;
				CLANG_WARN_UNGUARDED_AVAILABILITY = YES_AGGRESSIVE;
				CLANG_WARN_UNREACHABLE_CODE = YES;
				CLANG_WARN__DUPLICATE_METHOD_MATCH = YES;
				CODE_SIGN_IDENTITY = "-";
				COPY_PHASE_STRIP = NO;
				DEBUG_INFORMATION_FORMAT = dwarf;
				ENABLE_STRICT_OBJC_MSGSEND = YES;
				ENABLE_TESTABILITY = YES;
				GCC_C_LANGUAGE_STANDARD = gnu11;
				GCC_DYNAMIC_NO_PIC = NO;
				GCC_NO_COMMON_BLOCKS = YES;
				GCC_OPTIMIZATION_LEVEL = 0;
				GCC_PREPROCESSOR_DEFINITIONS = (
					"DEBUG=1",
					"$(inherited)",
				);
				GCC_WARN_64_TO_32_BIT_CONVERSION = YES;
				GCC_WARN_ABOUT_RETURN_TYPE = YES_ERROR;
				GCC_WARN_UNDECLARED_SELECTOR = YES;
				GCC_WARN_UNINITIALIZED_AUTOS = YES_AGGRESSIVE;
				GCC_WARN_UNUSED_FUNCTION = YES;
				GCC_WARN_UNUSED_VARIABLE = YES;
				MACOSX_DEPLOYMENT_TARGET = 10.12;
				MTL_ENABLE_DEBUG_INFO = YES;
				ONLY_ACTIVE_ARCH = YES;
				SDKROOT = macosx;
			};
			name = Debug;
		};
		9F474405206D92D300AECB7F /* Release */ = {
			isa = XCBuildConfiguration;
			buildSettings = {
				ALWAYS_SEARCH_USER_PATHS = NO;
				CLANG_ANALYZER_NONNULL = YES;
				CLANG_ANALYZER_NUMBER_OBJECT_CONVERSION = YES_AGGRESSIVE;
				CLANG_CXX_LANGUAGE_STANDARD = "gnu++14";
				CLANG_CXX_LIBRARY = "libc++";
				CLANG_ENABLE_MODULES = YES;
				CLANG_ENABLE_OBJC_ARC = YES;
				CLANG_WARN_BLOCK_CAPTURE_AUTORELEASING = YES;
				CLANG_WARN_BOOL_CONVERSION = YES;
				CLANG_WARN_COMMA = YES;
				CLANG_WARN_CONSTANT_CONVERSION = YES;
				CLANG_WARN_DIRECT_OBJC_ISA_USAGE = YES_ERROR;
				CLANG_WARN_DOCUMENTATION_COMMENTS = YES;
				CLANG_WARN_EMPTY_BODY = YES;
				CLANG_WARN_ENUM_CONVERSION = YES;
				CLANG_WARN_INFINITE_RECURSION = YES;
				CLANG_WARN_INT_CONVERSION = YES;
				CLANG_WARN_NON_LITERAL_NULL_CONVERSION = YES;
				CLANG_WARN_OBJC_LITERAL_CONVERSION = YES;
				CLANG_WARN_OBJC_ROOT_CLASS = YES_ERROR;
				CLANG_WARN_RANGE_LOOP_ANALYSIS = YES;
				CLANG_WARN_STRICT_PROTOTYPES = YES;
				CLANG_WARN_SUSPICIOUS_MOVE = YES;
				CLANG_WARN_UNGUARDED_AVAILABILITY = YES_AGGRESSIVE;
				CLANG_WARN_UNREACHABLE_CODE = YES;
				CLANG_WARN__DUPLICATE_METHOD_MATCH = YES;
				CODE_SIGN_IDENTITY = "-";
				COPY_PHASE_STRIP = NO;
				DEBUG_INFORMATION_FORMAT = "dwarf-with-dsym";
				ENABLE_NS_ASSERTIONS = NO;
				ENABLE_STRICT_OBJC_MSGSEND = YES;
				GCC_C_LANGUAGE_STANDARD = gnu11;
				GCC_NO_COMMON_BLOCKS = YES;
				GCC_WARN_64_TO_32_BIT_CONVERSION = YES;
				GCC_WARN_ABOUT_RETURN_TYPE = YES_ERROR;
				GCC_WARN_UNDECLARED_SELECTOR = YES;
				GCC_WARN_UNINITIALIZED_AUTOS = YES_AGGRESSIVE;
				GCC_WARN_UNUSED_FUNCTION = YES;
				GCC_WARN_UNUSED_VARIABLE = YES;
				MACOSX_DEPLOYMENT_TARGET = 10.12;
				MTL_ENABLE_DEBUG_INFO = NO;
				SDKROOT = macosx;
			};
			name = Release;
		};
		9F474407206D92D300AECB7F /* Debug */ = {
			isa = XCBuildConfiguration;
			baseConfigurationReference = A5E0CF5A3FC11F1B71D6688D /* Pods-plog-lumberjack.debug.xcconfig */;
			buildSettings = {
				CODE_SIGN_STYLE = Automatic;
				HEADER_SEARCH_PATHS = (
					"$(inherited)",
					"\"${PODS_ROOT}/Headers/Public\"",
					"\"${PODS_ROOT}/Headers/Public/CocoaLumberjack\"",
					"\"${SRCROOT}/3rdParty/plog/include\"",
				);
				PRODUCT_NAME = "$(TARGET_NAME)";
			};
			name = Debug;
		};
		9F474408206D92D300AECB7F /* Release */ = {
			isa = XCBuildConfiguration;
			baseConfigurationReference = 2DEEB095022960569028DB6E /* Pods-plog-lumberjack.release.xcconfig */;
			buildSettings = {
				CODE_SIGN_STYLE = Automatic;
				HEADER_SEARCH_PATHS = (
					"$(inherited)",
					"\"${PODS_ROOT}/Headers/Public\"",
					"\"${PODS_ROOT}/Headers/Public/CocoaLumberjack\"",
					"\"${SRCROOT}/3rdParty/plog/include\"",
				);
				PRODUCT_NAME = "$(TARGET_NAME)";
			};
			name = Release;
		};
/* End XCBuildConfiguration section */

/* Begin XCConfigurationList section */
		9F4743FA206D92D300AECB7F /* Build configuration list for PBXProject "plog-lumberjack" */ = {
			isa = XCConfigurationList;
			buildConfigurations = (
				9F474404206D92D300AECB7F /* Debug */,
				9F474405206D92D300AECB7F /* Release */,
			);
			defaultConfigurationIsVisible = 0;
			defaultConfigurationName = Release;
		};
		9F474406206D92D300AECB7F /* Build configuration list for PBXNativeTarget "plog-lumberjack" */ = {
			isa = XCConfigurationList;
			buildConfigurations = (
				9F474407206D92D300AECB7F /* Debug */,
				9F474408206D92D300AECB7F /* Release */,
			);
			defaultConfigurationIsVisible = 0;
			defaultConfigurationName = Release;
		};
/* End XCConfigurationList section */
	};
	rootObject = 9F4743F7206D92D300AECB7F /* Project object */;
}
